
Microsoft Visual Studio Solution File, Format Version 12.00
# Visual Studio Version 16
VisualStudioVersion = 16.0.31321.278
MinimumVisualStudioVersion = 10.0.40219.1
Project("{9A19103F-16F7-4668-BE54-9A1E7A4F7556}") = "Types", "libs\Types\Types.csproj", "{4BB48315-1BAC-4F56-8E30-189297FC9D2C}"
EndProject
Project("{9A19103F-16F7-4668-BE54-9A1E7A4F7556}") = "WinApi", "libs\WinApi\WinApi.csproj", "{5411554B-D1B6-4288-A4F0-C17933F59C1A}"
EndProject
Project("{9A19103F-16F7-4668-BE54-9A1E7A4F7556}") = "Tester", "libs\Tester\Tester.csproj", "{E56F783D-82AC-47EF-8433-A82A8CCF566F}"
EndProject
Project("{2150E333-8FDC-42A3-9474-1A3956D46DE8}") = "Libs", "Libs", "{F0571027-1FA0-4E8C-9D99-8D1D011F572C}"
EndProject
Project("{2150E333-8FDC-42A3-9474-1A3956D46DE8}") = "UI", "UI", "{264DB561-196B-4A9E-A4B6-6720117B362E}"
EndProject
Project("{9A19103F-16F7-4668-BE54-9A1E7A4F7556}") = "Registry", "libs\Registry\Registry.csproj", "{32777AFE-3CDD-49DF-B206-C08473BA5582}"
EndProject
Project("{9A19103F-16F7-4668-BE54-9A1E7A4F7556}") = "Karen", "Karen\Karen.csproj", "{981BD283-1FAA-4628-BD7D-A9CB2F95978B}"
EndProject
Project("{9A19103F-16F7-4668-BE54-9A1E7A4F7556}") = "KBL", "libs\KBL\KBL.csproj", "{99B5CD97-299C-4329-B93F-B37F8DDBB63B}"
EndProject
Project("{2150E333-8FDC-42A3-9474-1A3956D46DE8}") = "Dev", "Dev", "{A61F6B3F-F176-4168-946B-2E64BC2D7DE4}"
EndProject
Project("{9A19103F-16F7-4668-BE54-9A1E7A4F7556}") = "kblb", "Dev\kblb\kblb.csproj", "{F9BB0744-B2AE-430C-8FCE-474D1CED7FB3}"
EndProject
Project("{FAE04EC0-301F-11D3-BF4B-00C04F79EFBC}") = "KarenRender", "UI\KarenRender\KarenRender.csproj", "{D568CCED-31F7-4876-A673-8FB8C880B8D9}"
EndProject
Global
	GlobalSection(SolutionConfigurationPlatforms) = preSolution
		Debug|Any CPU = Debug|Any CPU
		Release|Any CPU = Release|Any CPU
	EndGlobalSection
	GlobalSection(ProjectConfigurationPlatforms) = postSolution
		{4BB48315-1BAC-4F56-8E30-189297FC9D2C}.Debug|Any CPU.ActiveCfg = Debug|Any CPU
		{4BB48315-1BAC-4F56-8E30-189297FC9D2C}.Debug|Any CPU.Build.0 = Debug|Any CPU
		{4BB48315-1BAC-4F56-8E30-189297FC9D2C}.Release|Any CPU.ActiveCfg = Release|Any CPU
		{4BB48315-1BAC-4F56-8E30-189297FC9D2C}.Release|Any CPU.Build.0 = Release|Any CPU
		{5411554B-D1B6-4288-A4F0-C17933F59C1A}.Debug|Any CPU.ActiveCfg = Debug|Any CPU
		{5411554B-D1B6-4288-A4F0-C17933F59C1A}.Debug|Any CPU.Build.0 = Debug|Any CPU
		{5411554B-D1B6-4288-A4F0-C17933F59C1A}.Release|Any CPU.ActiveCfg = Release|Any CPU
		{5411554B-D1B6-4288-A4F0-C17933F59C1A}.Release|Any CPU.Build.0 = Release|Any CPU
		{E56F783D-82AC-47EF-8433-A82A8CCF566F}.Debug|Any CPU.ActiveCfg = Debug|Any CPU
		{E56F783D-82AC-47EF-8433-A82A8CCF566F}.Debug|Any CPU.Build.0 = Debug|Any CPU
		{E56F783D-82AC-47EF-8433-A82A8CCF566F}.Release|Any CPU.ActiveCfg = Release|Any CPU
		{E56F783D-82AC-47EF-8433-A82A8CCF566F}.Release|Any CPU.Build.0 = Release|Any CPU
		{32777AFE-3CDD-49DF-B206-C08473BA5582}.Debug|Any CPU.ActiveCfg = Debug|Any CPU
		{32777AFE-3CDD-49DF-B206-C08473BA5582}.Debug|Any CPU.Build.0 = Debug|Any CPU
		{32777AFE-3CDD-49DF-B206-C08473BA5582}.Release|Any CPU.ActiveCfg = Release|Any CPU
		{32777AFE-3CDD-49DF-B206-C08473BA5582}.Release|Any CPU.Build.0 = Release|Any CPU
		{981BD283-1FAA-4628-BD7D-A9CB2F95978B}.Debug|Any CPU.ActiveCfg = Debug|Any CPU
		{981BD283-1FAA-4628-BD7D-A9CB2F95978B}.Debug|Any CPU.Build.0 = Debug|Any CPU
		{981BD283-1FAA-4628-BD7D-A9CB2F95978B}.Release|Any CPU.ActiveCfg = Release|Any CPU
		{981BD283-1FAA-4628-BD7D-A9CB2F95978B}.Release|Any CPU.Build.0 = Release|Any CPU
		{99B5CD97-299C-4329-B93F-B37F8DDBB63B}.Debug|Any CPU.ActiveCfg = Debug|Any CPU
		{99B5CD97-299C-4329-B93F-B37F8DDBB63B}.Debug|Any CPU.Build.0 = Debug|Any CPU
		{99B5CD97-299C-4329-B93F-B37F8DDBB63B}.Release|Any CPU.ActiveCfg = Release|Any CPU
		{99B5CD97-299C-4329-B93F-B37F8DDBB63B}.Release|Any CPU.Build.0 = Release|Any CPU
		{F9BB0744-B2AE-430C-8FCE-474D1CED7FB3}.Debug|Any CPU.ActiveCfg = Debug|Any CPU
		{F9BB0744-B2AE-430C-8FCE-474D1CED7FB3}.Debug|Any CPU.Build.0 = Debug|Any CPU
		{F9BB0744-B2AE-430C-8FCE-474D1CED7FB3}.Release|Any CPU.ActiveCfg = Release|Any CPU
		{F9BB0744-B2AE-430C-8FCE-474D1CED7FB3}.Release|Any CPU.Build.0 = Release|Any CPU
		{D568CCED-31F7-4876-A673-8FB8C880B8D9}.Debug|Any CPU.ActiveCfg = Debug|Any CPU
		{D568CCED-31F7-4876-A673-8FB8C880B8D9}.Debug|Any CPU.Build.0 = Debug|Any CPU
		{D568CCED-31F7-4876-A673-8FB8C880B8D9}.Release|Any CPU.ActiveCfg = Release|Any CPU
		{D568CCED-31F7-4876-A673-8FB8C880B8D9}.Release|Any CPU.Build.0 = Release|Any CPU
	EndGlobalSection
	GlobalSection(SolutionProperties) = preSolution
		HideSolutionNode = FALSE
	EndGlobalSection
	GlobalSection(NestedProjects) = preSolution
		{4BB48315-1BAC-4F56-8E30-189297FC9D2C} = {F0571027-1FA0-4E8C-9D99-8D1D011F572C}
		{5411554B-D1B6-4288-A4F0-C17933F59C1A} = {F0571027-1FA0-4E8C-9D99-8D1D011F572C}
		{E56F783D-82AC-47EF-8433-A82A8CCF566F} = {A61F6B3F-F176-4168-946B-2E64BC2D7DE4}
		{32777AFE-3CDD-49DF-B206-C08473BA5582} = {F0571027-1FA0-4E8C-9D99-8D1D011F572C}
		{99B5CD97-299C-4329-B93F-B37F8DDBB63B} = {F0571027-1FA0-4E8C-9D99-8D1D011F572C}
		{F9BB0744-B2AE-430C-8FCE-474D1CED7FB3} = {A61F6B3F-F176-4168-946B-2E64BC2D7DE4}
		{D568CCED-31F7-4876-A673-8FB8C880B8D9} = {264DB561-196B-4A9E-A4B6-6720117B362E}
	EndGlobalSection
	GlobalSection(ExtensibilityGlobals) = postSolution
		SolutionGuid = {6509DFC4-21A4-4AFD-B3E9-D62EBBF17653}
	EndGlobalSection
EndGlobal
