Microsoft Visual Studio Solution File, Format Version 12.00
# Visual Studio Version 16
VisualStudioVersion = 16.0.31321.278
MinimumVisualStudioVersion = 10.0.40219.1
Project("{9A19103F-16F7-4668-BE54-9A1E7A4F7556}") = "Types", "libs\Types\Types.csproj", "{4BB48315-1BAC-4F56-8E30-189297FC9D2C}"
EndProject
Project("{9A19103F-16F7-4668-BE54-9A1E7A4F7556}") = "WinApi", "libs\WinApi\WinApi.csproj", "{5411554B-D1B6-4288-A4F0-C17933F59C1A}"
EndProject
Project("{9A19103F-16F7-4668-BE54-9A1E7A4F7556}") = "Tester", "libs\Tester\Tester.csproj", "{E56F783D-82AC-47EF-8433-A82A8CCF566F}"
EndProject
Project("{2150E333-8FDC-42A3-9474-1A3956D46DE8}") = "Libs", "Libs", "{F0571027-1FA0-4E8C-9D99-8D1D011F572C}"
EndProject
Project("{2150E333-8FDC-42A3-9474-1A3956D46DE8}") = "UI", "UI", "{264DB561-196B-4A9E-A4B6-6720117B362E}"
EndProject
Project("{9A19103F-16F7-4668-BE54-9A1E7A4F7556}") = "Registry", "libs\Registry\Registry.csproj", "{32777AFE-3CDD-49DF-B206-C08473BA5582}"
EndProject
Project("{9A19103F-16F7-4668-BE54-9A1E7A4F7556}") = "KBL", "libs\KBL\KBL.csproj", "{99B5CD97-299C-4329-B93F-B37F8DDBB63B}"
EndProject
Project("{2150E333-8FDC-42A3-9474-1A3956D46DE8}") = "Dev", "Dev", "{A61F6B3F-F176-4168-946B-2E64BC2D7DE4}"
EndProject
Project("{9A19103F-16F7-4668-BE54-9A1E7A4F7556}") = "kblb", "Dev\kblb\kblb.csproj", "{F9BB0744-B2AE-430C-8FCE-474D1CED7FB3}"
EndProject
Project("{9A19103F-16F7-4668-BE54-9A1E7A4F7556}") = "Assets", "Assets\Assets.csproj", "{021AF6B4-105F-4E40-9384-1D537A1DFDCC}"
	ProjectSection(ProjectDependencies) = postProject
		{0F1F0F8A-FE04-4FC6-A765-366FE4C8FB10} = {0F1F0F8A-FE04-4FC6-A765-366FE4C8FB10}
		{D435D5E2-8C4B-4340-9276-B60AED85C507} = {D435D5E2-8C4B-4340-9276-B60AED85C507}
	EndProjectSection
EndProject
Project("{9A19103F-16F7-4668-BE54-9A1E7A4F7556}") = "KarenLocale", "libs\KarenLocale\KarenLocale.csproj", "{4EF9C717-E2DD-48E4-BD33-50371A58FE42}"
EndProject
Project("{9A19103F-16F7-4668-BE54-9A1E7A4F7556}") = "Karen", "game\Karen\Karen.csproj", "{27551497-A0E1-4E1E-94B1-3E848CA4B3C3}"
	ProjectSection(ProjectDependencies) = postProject
		{021AF6B4-105F-4E40-9384-1D537A1DFDCC} = {021AF6B4-105F-4E40-9384-1D537A1DFDCC}
	EndProjectSection
EndProject
Project("{9A19103F-16F7-4668-BE54-9A1E7A4F7556}") = "Karen.Tests", "game\Karen.Tests\Karen.Tests.csproj", "{8F8A411F-04BF-49D0-81ED-0A20454C9291}"
EndProject
Project("{2150E333-8FDC-42A3-9474-1A3956D46DE8}") = "Workflows", "Workflows", "{E5E50A5F-F2F1-4E5A-A4C8-2A2D4C6510F7}"
	ProjectSection(SolutionItems) = preProject
		.github\workflows\build.yml = .github\workflows\build.yml
		.github\workflows\codeql.yml = .github\workflows\codeql.yml
		.github\workflows\deploy.yml = .github\workflows\deploy.yml
		.github\workflows\tests.yml = .github\workflows\tests.yml
	EndProjectSection
EndProject
Project("{2150E333-8FDC-42A3-9474-1A3956D46DE8}") = "Installer", "Installer", "{C88E2174-6753-4D0A-9570-3A341559C467}"
EndProject
Project("{8BC9CEB8-8B4A-11D0-8D11-00A0C91BC942}") = "Core", "UI\Installer\Core\Core.vcxproj", "{D435D5E2-8C4B-4340-9276-B60AED85C507}"
EndProject
Project("{9A19103F-16F7-4668-BE54-9A1E7A4F7556}") = "GuiInstaller", "UI\Installer\GuiInstaller\GuiInstaller.csproj", "{C0DEFB70-3AAE-41BA-AB95-B24F2FE13041}"
	ProjectSection(ProjectDependencies) = postProject
		{D435D5E2-8C4B-4340-9276-B60AED85C507} = {D435D5E2-8C4B-4340-9276-B60AED85C507}
	EndProjectSection
EndProject
Project("{9A19103F-16F7-4668-BE54-9A1E7A4F7556}") = "InstallerBuilder", "UI\Installer\InstallerBuilder\InstallerBuilder.csproj", "{17441F15-0762-4E6A-BD0A-F47546C88D4B}"
	ProjectSection(ProjectDependencies) = postProject
		{C0DEFB70-3AAE-41BA-AB95-B24F2FE13041} = {C0DEFB70-3AAE-41BA-AB95-B24F2FE13041}
		{27551497-A0E1-4E1E-94B1-3E848CA4B3C3} = {27551497-A0E1-4E1E-94B1-3E848CA4B3C3}
		{D435D5E2-8C4B-4340-9276-B60AED85C507} = {D435D5E2-8C4B-4340-9276-B60AED85C507}
	EndProjectSection
EndProject
Project("{9A19103F-16F7-4668-BE54-9A1E7A4F7556}") = "CodeOptimizator", "libs\CodeOptimizator\CodeOptimizator.csproj", "{0F1F0F8A-FE04-4FC6-A765-366FE4C8FB10}"
EndProject
Global
	GlobalSection(SolutionConfigurationPlatforms) = preSolution
		Debug|Any CPU = Debug|Any CPU
		Debug|x64 = Debug|x64
		Debug|x86 = Debug|x86
		Release|Any CPU = Release|Any CPU
		Release|x64 = Release|x64
		Release|x86 = Release|x86
		Testing|Any CPU = Testing|Any CPU
		Testing|x64 = Testing|x64
		Testing|x86 = Testing|x86
	EndGlobalSection
	GlobalSection(ProjectConfigurationPlatforms) = postSolution
		{4BB48315-1BAC-4F56-8E30-189297FC9D2C}.Debug|Any CPU.ActiveCfg = Debug|Any CPU
		{4BB48315-1BAC-4F56-8E30-189297FC9D2C}.Debug|Any CPU.Build.0 = Debug|Any CPU
		{4BB48315-1BAC-4F56-8E30-189297FC9D2C}.Debug|x64.ActiveCfg = Debug|Any CPU
		{4BB48315-1BAC-4F56-8E30-189297FC9D2C}.Debug|x64.Build.0 = Debug|Any CPU
		{4BB48315-1BAC-4F56-8E30-189297FC9D2C}.Debug|x86.ActiveCfg = Debug|Any CPU
		{4BB48315-1BAC-4F56-8E30-189297FC9D2C}.Debug|x86.Build.0 = Debug|Any CPU
		{4BB48315-1BAC-4F56-8E30-189297FC9D2C}.Release|Any CPU.ActiveCfg = Release|Any CPU
		{4BB48315-1BAC-4F56-8E30-189297FC9D2C}.Release|Any CPU.Build.0 = Release|Any CPU
		{4BB48315-1BAC-4F56-8E30-189297FC9D2C}.Release|x64.ActiveCfg = Release|Any CPU
		{4BB48315-1BAC-4F56-8E30-189297FC9D2C}.Release|x64.Build.0 = Release|Any CPU
		{4BB48315-1BAC-4F56-8E30-189297FC9D2C}.Release|x86.ActiveCfg = Release|Any CPU
		{4BB48315-1BAC-4F56-8E30-189297FC9D2C}.Release|x86.Build.0 = Release|Any CPU
		{4BB48315-1BAC-4F56-8E30-189297FC9D2C}.Testing|Any CPU.ActiveCfg = Testing|Any CPU
		{4BB48315-1BAC-4F56-8E30-189297FC9D2C}.Testing|Any CPU.Build.0 = Testing|Any CPU
		{4BB48315-1BAC-4F56-8E30-189297FC9D2C}.Testing|x64.ActiveCfg = Testing|Any CPU
		{4BB48315-1BAC-4F56-8E30-189297FC9D2C}.Testing|x64.Build.0 = Testing|Any CPU
		{4BB48315-1BAC-4F56-8E30-189297FC9D2C}.Testing|x86.ActiveCfg = Testing|Any CPU
		{4BB48315-1BAC-4F56-8E30-189297FC9D2C}.Testing|x86.Build.0 = Testing|Any CPU
		{5411554B-D1B6-4288-A4F0-C17933F59C1A}.Debug|Any CPU.ActiveCfg = Debug|Any CPU
		{5411554B-D1B6-4288-A4F0-C17933F59C1A}.Debug|Any CPU.Build.0 = Debug|Any CPU
		{5411554B-D1B6-4288-A4F0-C17933F59C1A}.Debug|x64.ActiveCfg = Debug|Any CPU
		{5411554B-D1B6-4288-A4F0-C17933F59C1A}.Debug|x64.Build.0 = Debug|Any CPU
		{5411554B-D1B6-4288-A4F0-C17933F59C1A}.Debug|x86.ActiveCfg = Debug|Any CPU
		{5411554B-D1B6-4288-A4F0-C17933F59C1A}.Debug|x86.Build.0 = Debug|Any CPU
		{5411554B-D1B6-4288-A4F0-C17933F59C1A}.Release|Any CPU.ActiveCfg = Release|Any CPU
		{5411554B-D1B6-4288-A4F0-C17933F59C1A}.Release|Any CPU.Build.0 = Release|Any CPU
		{5411554B-D1B6-4288-A4F0-C17933F59C1A}.Release|x64.ActiveCfg = Release|Any CPU
		{5411554B-D1B6-4288-A4F0-C17933F59C1A}.Release|x64.Build.0 = Release|Any CPU
		{5411554B-D1B6-4288-A4F0-C17933F59C1A}.Release|x86.ActiveCfg = Release|Any CPU
		{5411554B-D1B6-4288-A4F0-C17933F59C1A}.Release|x86.Build.0 = Release|Any CPU
		{5411554B-D1B6-4288-A4F0-C17933F59C1A}.Testing|Any CPU.ActiveCfg = Testing|Any CPU
		{5411554B-D1B6-4288-A4F0-C17933F59C1A}.Testing|Any CPU.Build.0 = Testing|Any CPU
		{5411554B-D1B6-4288-A4F0-C17933F59C1A}.Testing|x64.ActiveCfg = Testing|Any CPU
		{5411554B-D1B6-4288-A4F0-C17933F59C1A}.Testing|x64.Build.0 = Testing|Any CPU
		{5411554B-D1B6-4288-A4F0-C17933F59C1A}.Testing|x86.ActiveCfg = Testing|Any CPU
		{5411554B-D1B6-4288-A4F0-C17933F59C1A}.Testing|x86.Build.0 = Testing|Any CPU
		{E56F783D-82AC-47EF-8433-A82A8CCF566F}.Debug|Any CPU.ActiveCfg = Debug|Any CPU
		{E56F783D-82AC-47EF-8433-A82A8CCF566F}.Debug|Any CPU.Build.0 = Debug|Any CPU
		{E56F783D-82AC-47EF-8433-A82A8CCF566F}.Debug|x64.ActiveCfg = Debug|Any CPU
		{E56F783D-82AC-47EF-8433-A82A8CCF566F}.Debug|x86.ActiveCfg = Debug|Any CPU
		{E56F783D-82AC-47EF-8433-A82A8CCF566F}.Release|Any CPU.ActiveCfg = Release|Any CPU
		{E56F783D-82AC-47EF-8433-A82A8CCF566F}.Release|Any CPU.Build.0 = Release|Any CPU
		{E56F783D-82AC-47EF-8433-A82A8CCF566F}.Release|x64.ActiveCfg = Release|Any CPU
		{E56F783D-82AC-47EF-8433-A82A8CCF566F}.Release|x86.ActiveCfg = Release|Any CPU
		{E56F783D-82AC-47EF-8433-A82A8CCF566F}.Testing|Any CPU.ActiveCfg = Testing|Any CPU
		{E56F783D-82AC-47EF-8433-A82A8CCF566F}.Testing|Any CPU.Build.0 = Testing|Any CPU
		{E56F783D-82AC-47EF-8433-A82A8CCF566F}.Testing|x64.ActiveCfg = Testing|Any CPU
		{E56F783D-82AC-47EF-8433-A82A8CCF566F}.Testing|x86.ActiveCfg = Testing|Any CPU
		{32777AFE-3CDD-49DF-B206-C08473BA5582}.Debug|Any CPU.ActiveCfg = Debug|Any CPU
		{32777AFE-3CDD-49DF-B206-C08473BA5582}.Debug|Any CPU.Build.0 = Debug|Any CPU
		{32777AFE-3CDD-49DF-B206-C08473BA5582}.Debug|x64.ActiveCfg = Debug|Any CPU
		{32777AFE-3CDD-49DF-B206-C08473BA5582}.Debug|x64.Build.0 = Debug|Any CPU
		{32777AFE-3CDD-49DF-B206-C08473BA5582}.Debug|x86.ActiveCfg = Debug|Any CPU
		{32777AFE-3CDD-49DF-B206-C08473BA5582}.Debug|x86.Build.0 = Debug|Any CPU
		{32777AFE-3CDD-49DF-B206-C08473BA5582}.Release|Any CPU.ActiveCfg = Release|Any CPU
		{32777AFE-3CDD-49DF-B206-C08473BA5582}.Release|Any CPU.Build.0 = Release|Any CPU
		{32777AFE-3CDD-49DF-B206-C08473BA5582}.Release|x64.ActiveCfg = Release|Any CPU
		{32777AFE-3CDD-49DF-B206-C08473BA5582}.Release|x64.Build.0 = Release|Any CPU
		{32777AFE-3CDD-49DF-B206-C08473BA5582}.Release|x86.ActiveCfg = Release|Any CPU
		{32777AFE-3CDD-49DF-B206-C08473BA5582}.Release|x86.Build.0 = Release|Any CPU
		{32777AFE-3CDD-49DF-B206-C08473BA5582}.Testing|Any CPU.ActiveCfg = Testing|Any CPU
		{32777AFE-3CDD-49DF-B206-C08473BA5582}.Testing|Any CPU.Build.0 = Testing|Any CPU
		{32777AFE-3CDD-49DF-B206-C08473BA5582}.Testing|x64.ActiveCfg = Testing|Any CPU
		{32777AFE-3CDD-49DF-B206-C08473BA5582}.Testing|x64.Build.0 = Testing|Any CPU
		{32777AFE-3CDD-49DF-B206-C08473BA5582}.Testing|x86.ActiveCfg = Testing|Any CPU
		{32777AFE-3CDD-49DF-B206-C08473BA5582}.Testing|x86.Build.0 = Testing|Any CPU
		{99B5CD97-299C-4329-B93F-B37F8DDBB63B}.Debug|Any CPU.ActiveCfg = Debug|Any CPU
		{99B5CD97-299C-4329-B93F-B37F8DDBB63B}.Debug|Any CPU.Build.0 = Debug|Any CPU
		{99B5CD97-299C-4329-B93F-B37F8DDBB63B}.Debug|x64.ActiveCfg = Debug|Any CPU
		{99B5CD97-299C-4329-B93F-B37F8DDBB63B}.Debug|x64.Build.0 = Debug|Any CPU
		{99B5CD97-299C-4329-B93F-B37F8DDBB63B}.Debug|x86.ActiveCfg = Debug|Any CPU
		{99B5CD97-299C-4329-B93F-B37F8DDBB63B}.Debug|x86.Build.0 = Debug|Any CPU
		{99B5CD97-299C-4329-B93F-B37F8DDBB63B}.Release|Any CPU.ActiveCfg = Release|Any CPU
		{99B5CD97-299C-4329-B93F-B37F8DDBB63B}.Release|Any CPU.Build.0 = Release|Any CPU
		{99B5CD97-299C-4329-B93F-B37F8DDBB63B}.Release|x64.ActiveCfg = Release|Any CPU
		{99B5CD97-299C-4329-B93F-B37F8DDBB63B}.Release|x64.Build.0 = Release|Any CPU
		{99B5CD97-299C-4329-B93F-B37F8DDBB63B}.Release|x86.ActiveCfg = Release|Any CPU
		{99B5CD97-299C-4329-B93F-B37F8DDBB63B}.Release|x86.Build.0 = Release|Any CPU
		{99B5CD97-299C-4329-B93F-B37F8DDBB63B}.Testing|Any CPU.ActiveCfg = Testing|Any CPU
		{99B5CD97-299C-4329-B93F-B37F8DDBB63B}.Testing|Any CPU.Build.0 = Testing|Any CPU
		{99B5CD97-299C-4329-B93F-B37F8DDBB63B}.Testing|x64.ActiveCfg = Testing|Any CPU
		{99B5CD97-299C-4329-B93F-B37F8DDBB63B}.Testing|x64.Build.0 = Testing|Any CPU
		{99B5CD97-299C-4329-B93F-B37F8DDBB63B}.Testing|x86.ActiveCfg = Testing|Any CPU
		{99B5CD97-299C-4329-B93F-B37F8DDBB63B}.Testing|x86.Build.0 = Testing|Any CPU
		{F9BB0744-B2AE-430C-8FCE-474D1CED7FB3}.Debug|Any CPU.ActiveCfg = Debug|Any CPU
		{F9BB0744-B2AE-430C-8FCE-474D1CED7FB3}.Debug|Any CPU.Build.0 = Debug|Any CPU
		{F9BB0744-B2AE-430C-8FCE-474D1CED7FB3}.Debug|x64.ActiveCfg = Debug|Any CPU
		{F9BB0744-B2AE-430C-8FCE-474D1CED7FB3}.Debug|x86.ActiveCfg = Debug|Any CPU
		{F9BB0744-B2AE-430C-8FCE-474D1CED7FB3}.Release|Any CPU.ActiveCfg = Release|Any CPU
		{F9BB0744-B2AE-430C-8FCE-474D1CED7FB3}.Release|Any CPU.Build.0 = Release|Any CPU
		{F9BB0744-B2AE-430C-8FCE-474D1CED7FB3}.Release|x64.ActiveCfg = Release|Any CPU
		{F9BB0744-B2AE-430C-8FCE-474D1CED7FB3}.Release|x86.ActiveCfg = Release|Any CPU
		{F9BB0744-B2AE-430C-8FCE-474D1CED7FB3}.Testing|Any CPU.ActiveCfg = Testing|Any CPU
		{F9BB0744-B2AE-430C-8FCE-474D1CED7FB3}.Testing|Any CPU.Build.0 = Testing|Any CPU
		{F9BB0744-B2AE-430C-8FCE-474D1CED7FB3}.Testing|x64.ActiveCfg = Testing|Any CPU
		{F9BB0744-B2AE-430C-8FCE-474D1CED7FB3}.Testing|x86.ActiveCfg = Testing|Any CPU
		{021AF6B4-105F-4E40-9384-1D537A1DFDCC}.Debug|Any CPU.ActiveCfg = Debug|Any CPU
		{021AF6B4-105F-4E40-9384-1D537A1DFDCC}.Debug|Any CPU.Build.0 = Debug|Any CPU
		{021AF6B4-105F-4E40-9384-1D537A1DFDCC}.Debug|x64.ActiveCfg = Debug|Any CPU
		{021AF6B4-105F-4E40-9384-1D537A1DFDCC}.Debug|x64.Build.0 = Debug|Any CPU
		{021AF6B4-105F-4E40-9384-1D537A1DFDCC}.Debug|x86.ActiveCfg = Debug|Any CPU
		{021AF6B4-105F-4E40-9384-1D537A1DFDCC}.Debug|x86.Build.0 = Debug|Any CPU
		{021AF6B4-105F-4E40-9384-1D537A1DFDCC}.Release|Any CPU.ActiveCfg = Release|Any CPU
		{021AF6B4-105F-4E40-9384-1D537A1DFDCC}.Release|Any CPU.Build.0 = Release|Any CPU
		{021AF6B4-105F-4E40-9384-1D537A1DFDCC}.Release|x64.ActiveCfg = Release|Any CPU
		{021AF6B4-105F-4E40-9384-1D537A1DFDCC}.Release|x64.Build.0 = Release|Any CPU
		{021AF6B4-105F-4E40-9384-1D537A1DFDCC}.Release|x86.ActiveCfg = Release|Any CPU
		{021AF6B4-105F-4E40-9384-1D537A1DFDCC}.Release|x86.Build.0 = Release|Any CPU
		{021AF6B4-105F-4E40-9384-1D537A1DFDCC}.Testing|Any CPU.ActiveCfg = Testing|Any CPU
		{021AF6B4-105F-4E40-9384-1D537A1DFDCC}.Testing|Any CPU.Build.0 = Testing|Any CPU
		{021AF6B4-105F-4E40-9384-1D537A1DFDCC}.Testing|x64.ActiveCfg = Testing|Any CPU
		{021AF6B4-105F-4E40-9384-1D537A1DFDCC}.Testing|x64.Build.0 = Testing|Any CPU
		{021AF6B4-105F-4E40-9384-1D537A1DFDCC}.Testing|x86.ActiveCfg = Testing|Any CPU
		{021AF6B4-105F-4E40-9384-1D537A1DFDCC}.Testing|x86.Build.0 = Testing|Any CPU
		{4EF9C717-E2DD-48E4-BD33-50371A58FE42}.Debug|Any CPU.ActiveCfg = Debug|Any CPU
		{4EF9C717-E2DD-48E4-BD33-50371A58FE42}.Debug|Any CPU.Build.0 = Debug|Any CPU
		{4EF9C717-E2DD-48E4-BD33-50371A58FE42}.Debug|x64.ActiveCfg = Debug|Any CPU
		{4EF9C717-E2DD-48E4-BD33-50371A58FE42}.Debug|x64.Build.0 = Debug|Any CPU
		{4EF9C717-E2DD-48E4-BD33-50371A58FE42}.Debug|x86.ActiveCfg = Debug|Any CPU
		{4EF9C717-E2DD-48E4-BD33-50371A58FE42}.Debug|x86.Build.0 = Debug|Any CPU
		{4EF9C717-E2DD-48E4-BD33-50371A58FE42}.Release|Any CPU.ActiveCfg = Release|Any CPU
		{4EF9C717-E2DD-48E4-BD33-50371A58FE42}.Release|Any CPU.Build.0 = Release|Any CPU
		{4EF9C717-E2DD-48E4-BD33-50371A58FE42}.Release|x64.ActiveCfg = Release|Any CPU
		{4EF9C717-E2DD-48E4-BD33-50371A58FE42}.Release|x64.Build.0 = Release|Any CPU
		{4EF9C717-E2DD-48E4-BD33-50371A58FE42}.Release|x86.ActiveCfg = Release|Any CPU
		{4EF9C717-E2DD-48E4-BD33-50371A58FE42}.Release|x86.Build.0 = Release|Any CPU
		{4EF9C717-E2DD-48E4-BD33-50371A58FE42}.Testing|Any CPU.ActiveCfg = Testing|Any CPU
		{4EF9C717-E2DD-48E4-BD33-50371A58FE42}.Testing|Any CPU.Build.0 = Testing|Any CPU
		{4EF9C717-E2DD-48E4-BD33-50371A58FE42}.Testing|x64.ActiveCfg = Testing|Any CPU
		{4EF9C717-E2DD-48E4-BD33-50371A58FE42}.Testing|x64.Build.0 = Testing|Any CPU
		{4EF9C717-E2DD-48E4-BD33-50371A58FE42}.Testing|x86.ActiveCfg = Testing|Any CPU
		{4EF9C717-E2DD-48E4-BD33-50371A58FE42}.Testing|x86.Build.0 = Testing|Any CPU
		{27551497-A0E1-4E1E-94B1-3E848CA4B3C3}.Debug|Any CPU.ActiveCfg = Debug|Any CPU
		{27551497-A0E1-4E1E-94B1-3E848CA4B3C3}.Debug|Any CPU.Build.0 = Debug|Any CPU
		{27551497-A0E1-4E1E-94B1-3E848CA4B3C3}.Debug|x64.ActiveCfg = Debug|Any CPU
		{27551497-A0E1-4E1E-94B1-3E848CA4B3C3}.Debug|x64.Build.0 = Debug|Any CPU
		{27551497-A0E1-4E1E-94B1-3E848CA4B3C3}.Debug|x86.ActiveCfg = Debug|Any CPU
		{27551497-A0E1-4E1E-94B1-3E848CA4B3C3}.Debug|x86.Build.0 = Debug|Any CPU
		{27551497-A0E1-4E1E-94B1-3E848CA4B3C3}.Release|Any CPU.ActiveCfg = Release|Any CPU
		{27551497-A0E1-4E1E-94B1-3E848CA4B3C3}.Release|Any CPU.Build.0 = Release|Any CPU
		{27551497-A0E1-4E1E-94B1-3E848CA4B3C3}.Release|x64.ActiveCfg = Release|Any CPU
		{27551497-A0E1-4E1E-94B1-3E848CA4B3C3}.Release|x64.Build.0 = Release|Any CPU
		{27551497-A0E1-4E1E-94B1-3E848CA4B3C3}.Release|x86.ActiveCfg = Release|Any CPU
		{27551497-A0E1-4E1E-94B1-3E848CA4B3C3}.Release|x86.Build.0 = Release|Any CPU
		{27551497-A0E1-4E1E-94B1-3E848CA4B3C3}.Testing|Any CPU.ActiveCfg = Testing|Any CPU
		{27551497-A0E1-4E1E-94B1-3E848CA4B3C3}.Testing|Any CPU.Build.0 = Testing|Any CPU
		{27551497-A0E1-4E1E-94B1-3E848CA4B3C3}.Testing|x64.ActiveCfg = Testing|Any CPU
		{27551497-A0E1-4E1E-94B1-3E848CA4B3C3}.Testing|x64.Build.0 = Testing|Any CPU
		{27551497-A0E1-4E1E-94B1-3E848CA4B3C3}.Testing|x86.ActiveCfg = Testing|Any CPU
		{27551497-A0E1-4E1E-94B1-3E848CA4B3C3}.Testing|x86.Build.0 = Testing|Any CPU
		{8F8A411F-04BF-49D0-81ED-0A20454C9291}.Debug|Any CPU.ActiveCfg = Debug|Any CPU
		{8F8A411F-04BF-49D0-81ED-0A20454C9291}.Debug|Any CPU.Build.0 = Debug|Any CPU
		{8F8A411F-04BF-49D0-81ED-0A20454C9291}.Debug|x64.ActiveCfg = Debug|Any CPU
		{8F8A411F-04BF-49D0-81ED-0A20454C9291}.Debug|x64.Build.0 = Debug|Any CPU
		{8F8A411F-04BF-49D0-81ED-0A20454C9291}.Debug|x86.ActiveCfg = Debug|Any CPU
		{8F8A411F-04BF-49D0-81ED-0A20454C9291}.Debug|x86.Build.0 = Debug|Any CPU
		{8F8A411F-04BF-49D0-81ED-0A20454C9291}.Release|Any CPU.ActiveCfg = Release|Any CPU
		{8F8A411F-04BF-49D0-81ED-0A20454C9291}.Release|Any CPU.Build.0 = Release|Any CPU
		{8F8A411F-04BF-49D0-81ED-0A20454C9291}.Release|x64.ActiveCfg = Release|Any CPU
		{8F8A411F-04BF-49D0-81ED-0A20454C9291}.Release|x64.Build.0 = Release|Any CPU
		{8F8A411F-04BF-49D0-81ED-0A20454C9291}.Release|x86.ActiveCfg = Release|Any CPU
		{8F8A411F-04BF-49D0-81ED-0A20454C9291}.Release|x86.Build.0 = Release|Any CPU
		{8F8A411F-04BF-49D0-81ED-0A20454C9291}.Testing|Any CPU.ActiveCfg = Testing|Any CPU
		{8F8A411F-04BF-49D0-81ED-0A20454C9291}.Testing|Any CPU.Build.0 = Testing|Any CPU
		{8F8A411F-04BF-49D0-81ED-0A20454C9291}.Testing|x64.ActiveCfg = Testing|Any CPU
		{8F8A411F-04BF-49D0-81ED-0A20454C9291}.Testing|x64.Build.0 = Testing|Any CPU
		{8F8A411F-04BF-49D0-81ED-0A20454C9291}.Testing|x86.ActiveCfg = Testing|Any CPU
		{8F8A411F-04BF-49D0-81ED-0A20454C9291}.Testing|x86.Build.0 = Testing|Any CPU
		{D435D5E2-8C4B-4340-9276-B60AED85C507}.Debug|Any CPU.ActiveCfg = Debug|Win32
		{D435D5E2-8C4B-4340-9276-B60AED85C507}.Debug|Any CPU.Build.0 = Debug|Win32
		{D435D5E2-8C4B-4340-9276-B60AED85C507}.Debug|x64.ActiveCfg = Debug|x64
		{D435D5E2-8C4B-4340-9276-B60AED85C507}.Debug|x64.Build.0 = Debug|x64
		{D435D5E2-8C4B-4340-9276-B60AED85C507}.Debug|x86.ActiveCfg = Debug|Win32
		{D435D5E2-8C4B-4340-9276-B60AED85C507}.Debug|x86.Build.0 = Debug|Win32
		{D435D5E2-8C4B-4340-9276-B60AED85C507}.Release|Any CPU.ActiveCfg = Release|Win32
		{D435D5E2-8C4B-4340-9276-B60AED85C507}.Release|Any CPU.Build.0 = Release|Win32
		{D435D5E2-8C4B-4340-9276-B60AED85C507}.Release|x64.ActiveCfg = Release|x64
		{D435D5E2-8C4B-4340-9276-B60AED85C507}.Release|x64.Build.0 = Release|x64
		{D435D5E2-8C4B-4340-9276-B60AED85C507}.Release|x86.ActiveCfg = Release|Win32
		{D435D5E2-8C4B-4340-9276-B60AED85C507}.Release|x86.Build.0 = Release|Win32
		{D435D5E2-8C4B-4340-9276-B60AED85C507}.Testing|Any CPU.ActiveCfg = Debug|Win32
		{D435D5E2-8C4B-4340-9276-B60AED85C507}.Testing|Any CPU.Build.0 = Debug|Win32
		{D435D5E2-8C4B-4340-9276-B60AED85C507}.Testing|x64.ActiveCfg = Testing|x64
		{D435D5E2-8C4B-4340-9276-B60AED85C507}.Testing|x64.Build.0 = Testing|x64
		{D435D5E2-8C4B-4340-9276-B60AED85C507}.Testing|x86.ActiveCfg = Debug|Win32
		{D435D5E2-8C4B-4340-9276-B60AED85C507}.Testing|x86.Build.0 = Debug|Win32
		{C0DEFB70-3AAE-41BA-AB95-B24F2FE13041}.Debug|Any CPU.ActiveCfg = Debug|Any CPU
		{C0DEFB70-3AAE-41BA-AB95-B24F2FE13041}.Debug|Any CPU.Build.0 = Debug|Any CPU
		{C0DEFB70-3AAE-41BA-AB95-B24F2FE13041}.Debug|x64.ActiveCfg = Debug|Any CPU
		{C0DEFB70-3AAE-41BA-AB95-B24F2FE13041}.Debug|x64.Build.0 = Debug|Any CPU
		{C0DEFB70-3AAE-41BA-AB95-B24F2FE13041}.Debug|x86.ActiveCfg = Debug|Any CPU
		{C0DEFB70-3AAE-41BA-AB95-B24F2FE13041}.Debug|x86.Build.0 = Debug|Any CPU
		{C0DEFB70-3AAE-41BA-AB95-B24F2FE13041}.Release|Any CPU.ActiveCfg = Release|Any CPU
		{C0DEFB70-3AAE-41BA-AB95-B24F2FE13041}.Release|Any CPU.Build.0 = Release|Any CPU
		{C0DEFB70-3AAE-41BA-AB95-B24F2FE13041}.Release|x64.ActiveCfg = Release|Any CPU
		{C0DEFB70-3AAE-41BA-AB95-B24F2FE13041}.Release|x64.Build.0 = Release|Any CPU
		{C0DEFB70-3AAE-41BA-AB95-B24F2FE13041}.Release|x86.ActiveCfg = Release|Any CPU
		{C0DEFB70-3AAE-41BA-AB95-B24F2FE13041}.Release|x86.Build.0 = Release|Any CPU
		{C0DEFB70-3AAE-41BA-AB95-B24F2FE13041}.Testing|Any CPU.ActiveCfg = Testing|Any CPU
		{C0DEFB70-3AAE-41BA-AB95-B24F2FE13041}.Testing|Any CPU.Build.0 = Testing|Any CPU
		{C0DEFB70-3AAE-41BA-AB95-B24F2FE13041}.Testing|x64.ActiveCfg = Testing|Any CPU
		{C0DEFB70-3AAE-41BA-AB95-B24F2FE13041}.Testing|x64.Build.0 = Testing|Any CPU
		{C0DEFB70-3AAE-41BA-AB95-B24F2FE13041}.Testing|x86.ActiveCfg = Debug|Any CPU
		{C0DEFB70-3AAE-41BA-AB95-B24F2FE13041}.Testing|x86.Build.0 = Debug|Any CPU
		{17441F15-0762-4E6A-BD0A-F47546C88D4B}.Debug|Any CPU.ActiveCfg = Debug|Any CPU
		{17441F15-0762-4E6A-BD0A-F47546C88D4B}.Debug|Any CPU.Build.0 = Debug|Any CPU
		{17441F15-0762-4E6A-BD0A-F47546C88D4B}.Debug|x64.ActiveCfg = Debug|Any CPU
		{17441F15-0762-4E6A-BD0A-F47546C88D4B}.Debug|x64.Build.0 = Debug|Any CPU
		{17441F15-0762-4E6A-BD0A-F47546C88D4B}.Debug|x86.ActiveCfg = Debug|Any CPU
		{17441F15-0762-4E6A-BD0A-F47546C88D4B}.Debug|x86.Build.0 = Debug|Any CPU
		{17441F15-0762-4E6A-BD0A-F47546C88D4B}.Release|Any CPU.ActiveCfg = Release|Any CPU
		{17441F15-0762-4E6A-BD0A-F47546C88D4B}.Release|Any CPU.Build.0 = Release|Any CPU
		{17441F15-0762-4E6A-BD0A-F47546C88D4B}.Release|x64.ActiveCfg = Release|Any CPU
		{17441F15-0762-4E6A-BD0A-F47546C88D4B}.Release|x64.Build.0 = Release|Any CPU
		{17441F15-0762-4E6A-BD0A-F47546C88D4B}.Release|x86.ActiveCfg = Release|Any CPU
		{17441F15-0762-4E6A-BD0A-F47546C88D4B}.Release|x86.Build.0 = Release|Any CPU
		{17441F15-0762-4E6A-BD0A-F47546C88D4B}.Testing|Any CPU.ActiveCfg = Debug|Any CPU
		{17441F15-0762-4E6A-BD0A-F47546C88D4B}.Testing|Any CPU.Build.0 = Debug|Any CPU
		{17441F15-0762-4E6A-BD0A-F47546C88D4B}.Testing|x64.ActiveCfg = Testing|Any CPU
		{17441F15-0762-4E6A-BD0A-F47546C88D4B}.Testing|x64.Build.0 = Testing|Any CPU
		{17441F15-0762-4E6A-BD0A-F47546C88D4B}.Testing|x86.ActiveCfg = Debug|Any CPU
		{17441F15-0762-4E6A-BD0A-F47546C88D4B}.Testing|x86.Build.0 = Debug|Any CPU
		{0F1F0F8A-FE04-4FC6-A765-366FE4C8FB10}.Debug|Any CPU.ActiveCfg = Debug|Any CPU
		{0F1F0F8A-FE04-4FC6-A765-366FE4C8FB10}.Debug|Any CPU.Build.0 = Debug|Any CPU
		{0F1F0F8A-FE04-4FC6-A765-366FE4C8FB10}.Debug|x64.ActiveCfg = Debug|Any CPU
		{0F1F0F8A-FE04-4FC6-A765-366FE4C8FB10}.Debug|x64.Build.0 = Debug|Any CPU
		{0F1F0F8A-FE04-4FC6-A765-366FE4C8FB10}.Debug|x86.ActiveCfg = Debug|Any CPU
		{0F1F0F8A-FE04-4FC6-A765-366FE4C8FB10}.Debug|x86.Build.0 = Debug|Any CPU
		{0F1F0F8A-FE04-4FC6-A765-366FE4C8FB10}.Release|Any CPU.ActiveCfg = Release|Any CPU
		{0F1F0F8A-FE04-4FC6-A765-366FE4C8FB10}.Release|Any CPU.Build.0 = Release|Any CPU
		{0F1F0F8A-FE04-4FC6-A765-366FE4C8FB10}.Release|x64.ActiveCfg = Release|Any CPU
		{0F1F0F8A-FE04-4FC6-A765-366FE4C8FB10}.Release|x64.Build.0 = Release|Any CPU
		{0F1F0F8A-FE04-4FC6-A765-366FE4C8FB10}.Release|x86.ActiveCfg = Release|Any CPU
		{0F1F0F8A-FE04-4FC6-A765-366FE4C8FB10}.Release|x86.Build.0 = Release|Any CPU
		{0F1F0F8A-FE04-4FC6-A765-366FE4C8FB10}.Testing|Any CPU.ActiveCfg = Debug|Any CPU
		{0F1F0F8A-FE04-4FC6-A765-366FE4C8FB10}.Testing|Any CPU.Build.0 = Debug|Any CPU
		{0F1F0F8A-FE04-4FC6-A765-366FE4C8FB10}.Testing|x64.ActiveCfg = Release|Any CPU
		{0F1F0F8A-FE04-4FC6-A765-366FE4C8FB10}.Testing|x64.Build.0 = Release|Any CPU
		{0F1F0F8A-FE04-4FC6-A765-366FE4C8FB10}.Testing|x86.ActiveCfg = Release|Any CPU
		{0F1F0F8A-FE04-4FC6-A765-366FE4C8FB10}.Testing|x86.Build.0 = Release|Any CPU
	EndGlobalSection
	GlobalSection(SolutionProperties) = preSolution
		HideSolutionNode = FALSE
	EndGlobalSection
	GlobalSection(NestedProjects) = preSolution
		{4BB48315-1BAC-4F56-8E30-189297FC9D2C} = {F0571027-1FA0-4E8C-9D99-8D1D011F572C}
		{5411554B-D1B6-4288-A4F0-C17933F59C1A} = {F0571027-1FA0-4E8C-9D99-8D1D011F572C}
		{E56F783D-82AC-47EF-8433-A82A8CCF566F} = {A61F6B3F-F176-4168-946B-2E64BC2D7DE4}
		{32777AFE-3CDD-49DF-B206-C08473BA5582} = {F0571027-1FA0-4E8C-9D99-8D1D011F572C}
		{99B5CD97-299C-4329-B93F-B37F8DDBB63B} = {F0571027-1FA0-4E8C-9D99-8D1D011F572C}
		{F9BB0744-B2AE-430C-8FCE-474D1CED7FB3} = {A61F6B3F-F176-4168-946B-2E64BC2D7DE4}
		{021AF6B4-105F-4E40-9384-1D537A1DFDCC} = {A61F6B3F-F176-4168-946B-2E64BC2D7DE4}
		{4EF9C717-E2DD-48E4-BD33-50371A58FE42} = {F0571027-1FA0-4E8C-9D99-8D1D011F572C}
		{C88E2174-6753-4D0A-9570-3A341559C467} = {264DB561-196B-4A9E-A4B6-6720117B362E}
		{D435D5E2-8C4B-4340-9276-B60AED85C507} = {C88E2174-6753-4D0A-9570-3A341559C467}
		{C0DEFB70-3AAE-41BA-AB95-B24F2FE13041} = {C88E2174-6753-4D0A-9570-3A341559C467}
		{17441F15-0762-4E6A-BD0A-F47546C88D4B} = {C88E2174-6753-4D0A-9570-3A341559C467}
		{0F1F0F8A-FE04-4FC6-A765-366FE4C8FB10} = {F0571027-1FA0-4E8C-9D99-8D1D011F572C}
	EndGlobalSection
	GlobalSection(ExtensibilityGlobals) = postSolution
		SolutionGuid = {6509DFC4-21A4-4AFD-B3E9-D62EBBF17653}
	EndGlobalSection
EndGlobal
